# generated by rye
# use `rye lock` or `rye sync` to update this lockfile
--index-url https://pypi.tuna.tsinghua.edu.cn/simple
--trusted-host pypi.tuna.tsinghua.edu.cn

-e file:.
annotated-types==0.6.0
dotmap==1.3.30
loguru==0.7.2
numpy==1.26.3
opencv-contrib-python==4.9.0.80
pydantic==2.5.3
pydantic-core==2.14.6
pyrsistent==0.20.0
pyyaml==6.0.1
pyzmq==25.1.2
typing-extensions==4.9.0
wrapyfi==0.4.30
xmltodict==0.13.0

# The following packages are considered to be unsafe in a requirements file:
setuptools==69.0.3
