# generated by rye
# use `rye lock` or `rye sync` to update this lockfile
#
# last locked with the following flags:
#   pre: false
#   features: []
#   all-features: false
#   with-sources: false

--trusted-host pypi.tuna.tsinghua.edu.cn
annotated-types==0.6.0
    # via pydantic
certifi==2024.2.2
    # via requests
charset-normalizer==3.3.2
    # via requests
dotmap==1.3.30
filelock==3.13.1
idna==3.6
    # via requests
loguru==0.7.2
numpy==1.24.4
    # via opencv-contrib-python
    # via opencv-python
    # via wrapyfi
opencv-contrib-python==4.9.0.80
    # via wrapyfi
opencv-python==4.9.0.80
prometheus-client==0.19.0
pydantic==2.5.3
pydantic-core==2.14.6
    # via pydantic
pyrsistent==0.20.0
pyyaml==6.0.1
    # via wrapyfi
pyzmq==25.1.2
    # via wrapyfi
requests==2.31.0
schedule==1.2.1
typing-extensions==4.9.0
    # via pydantic
    # via pydantic-core
urllib3==2.2.1
    # via requests
wrapyfi==0.4.30
    # via wrapyfi
xmltodict==0.13.0
setuptools==69.0.3
    # via wrapyfi
